
Microsoft Visual Studio Solution File, Format Version 12.00
# Visual Studio 14
VisualStudioVersion = 14.0.25123.0
MinimumVisualStudioVersion = 10.0.40219.1
Project("{9092AA53-FB77-4645-B42D-1CCCA6BD08BD}") = "Screens", "Screens\Screens.njsproj", "{390376BD-8370-4E81-9D1E-9687DCF149B8}"
EndProject
Project("{9092AA53-FB77-4645-B42D-1CCCA6BD08BD}") = "WelcomeNewGuys", "WelcomeNewGuys\WelcomeNewGuys.njsproj", "{50B18EEB-C372-487D-BBB9-505D0F2CDBDC}"
EndProject
Global
	GlobalSection(SolutionConfigurationPlatforms) = preSolution
		Debug|Any CPU = Debug|Any CPU
		Release|Any CPU = Release|Any CPU
	EndGlobalSection
	GlobalSection(ProjectConfigurationPlatforms) = postSolution
		{390376BD-8370-4E81-9D1E-9687DCF149B8}.Debug|Any CPU.ActiveCfg = Debug|Any CPU
		{390376BD-8370-4E81-9D1E-9687DCF149B8}.Debug|Any CPU.Build.0 = Debug|Any CPU
		{390376BD-8370-4E81-9D1E-9687DCF149B8}.Release|Any CPU.ActiveCfg = Release|Any CPU
		{390376BD-8370-4E81-9D1E-9687DCF149B8}.Release|Any CPU.Build.0 = Release|Any CPU
		{50B18EEB-C372-487D-BBB9-505D0F2CDBDC}.Debug|Any CPU.ActiveCfg = Debug|Any CPU
		{50B18EEB-C372-487D-BBB9-505D0F2CDBDC}.Debug|Any CPU.Build.0 = Debug|Any CPU
		{50B18EEB-C372-487D-BBB9-505D0F2CDBDC}.Release|Any CPU.ActiveCfg = Release|Any CPU
		{50B18EEB-C372-487D-BBB9-505D0F2CDBDC}.Release|Any CPU.Build.0 = Release|Any CPU
	EndGlobalSection
	GlobalSection(SolutionProperties) = preSolution
		HideSolutionNode = FALSE
	EndGlobalSection
EndGlobal
